
Microsoft Visual Studio Solution File, Format Version 12.00
# Visual Studio Version 16
VisualStudioVersion = 16.0.30621.155
MinimumVisualStudioVersion = 10.0.40219.1
Project("{888888A0-9F3D-457C-B088-3A5042F75D52}") = "get_from_ref", "get_from_ref.pyproj", "{58AAC3D0-495D-4403-B7A9-07BA4A1AD945}"
EndProject
Global
	GlobalSection(SolutionConfigurationPlatforms) = preSolution
		Debug|Any CPU = Debug|Any CPU
		Release|Any CPU = Release|Any CPU
	EndGlobalSection
	GlobalSection(ProjectConfigurationPlatforms) = postSolution
		{58AAC3D0-495D-4403-B7A9-07BA4A1AD945}.Debug|Any CPU.ActiveCfg = Debug|Any CPU
		{58AAC3D0-495D-4403-B7A9-07BA4A1AD945}.Release|Any CPU.ActiveCfg = Release|Any CPU
	EndGlobalSection
	GlobalSection(SolutionProperties) = preSolution
		HideSolutionNode = FALSE
	EndGlobalSection
	GlobalSection(ExtensibilityGlobals) = postSolution
		SolutionGuid = {DE614843-00C4-4BC9-8EE8-EC888BBA949D}
	EndGlobalSection
EndGlobal
