
Microsoft Visual Studio Solution File, Format Version 12.00
# Visual Studio Version 16
VisualStudioVersion = 16.0.30523.141
MinimumVisualStudioVersion = 10.0.40219.1
Project("{FAE04EC0-301F-11D3-BF4B-00C04F79EFBC}") = "Barcode_Prototype_Core", "Barcode_Prototype_Core.csproj", "{5FCA7BFF-5F60-4E8B-B0CE-F002C06BDD58}"
EndProject
Global
	GlobalSection(SolutionConfigurationPlatforms) = preSolution
		Debug|Any CPU = Debug|Any CPU
		Release|Any CPU = Release|Any CPU
	EndGlobalSection
	GlobalSection(ProjectConfigurationPlatforms) = postSolution
		{5FCA7BFF-5F60-4E8B-B0CE-F002C06BDD58}.Debug|Any CPU.ActiveCfg = Debug|Any CPU
		{5FCA7BFF-5F60-4E8B-B0CE-F002C06BDD58}.Debug|Any CPU.Build.0 = Debug|Any CPU
		{5FCA7BFF-5F60-4E8B-B0CE-F002C06BDD58}.Release|Any CPU.ActiveCfg = Release|Any CPU
		{5FCA7BFF-5F60-4E8B-B0CE-F002C06BDD58}.Release|Any CPU.Build.0 = Release|Any CPU
	EndGlobalSection
	GlobalSection(SolutionProperties) = preSolution
		HideSolutionNode = FALSE
	EndGlobalSection
	GlobalSection(ExtensibilityGlobals) = postSolution
		SolutionGuid = {E567F03B-8ADB-49CC-8E79-05768680838B}
	EndGlobalSection
EndGlobal
